{
  "version": 4,
  "terraform_version": "0.13.4",
  "serial": 8,
  "lineage": "d2f38e19-b634-69dc-e277-a74e685596a0",
  "outputs": {},
  "resources": [
    {
      "mode": "managed",
      "type": "proxmox_vm_qemu",
      "name": "proxmox_vm",
      "provider": "provider[\"terraform.kodu.local/telmate/proxmox\"]",
      "instances": [
        {
          "index_key": 0,
          "status": "tainted",
          "schema_version": 0,
          "attributes": {
            "agent": 0,
            "balloon": 1,
            "bios": "seabios",
            "boot": "cdn",
            "bootdisk": "scsi0",
            "bridge": null,
            "ci_wait": null,
            "cicustom": null,
            "cipassword": null,
            "ciuser": null,
            "clone": "template-Centos8",
            "clone_wait": 15,
            "cores": 2,
            "cpu": "host",
            "desc": null,
            "disk": [
              {
                "backup": false,
                "cache": "none",
                "discard": "",
                "format": "raw",
                "id": 0,
                "iothread": true,
                "mbps": 0,
                "mbps_rd": 0,
                "mbps_rd_max": 0,
                "mbps_wr": 0,
                "mbps_wr_max": 0,
                "replicate": false,
                "size": "20",
                "ssd": null,
                "storage": "data-1",
                "storage_type": "lvm",
                "type": "scsi"
              }
            ],
            "disk_gb": null,
            "force_create": false,
            "full_clone": true,
            "hastate": null,
            "hotplug": "network,disk,usb",
            "id": "proxmox/qemu/100",
            "ipconfig0": "ip=10.0.1.101/24,gw=10.0.1.1",
            "ipconfig1": null,
            "ipconfig2": null,
            "iso": null,
            "kvm": true,
            "mac": null,
            "memory": 4096,
            "name": "tf-vm-0",
            "nameserver": null,
            "network": [
              {
                "bridge": "vmbr0",
                "firewall": false,
                "id": 0,
                "link_down": false,
                "macaddr": "EA:B8:3E:21:97:B5",
                "model": "virtio",
                "queues": -1,
                "rate": -1,
                "tag": -1
              }
            ],
            "nic": null,
            "numa": false,
            "onboot": true,
            "os_network_config": null,
            "os_type": "centos",
            "pool": null,
            "preprovision": true,
            "qemu_os": null,
            "scsihw": "virtio-scsi-pci",
            "searchdomain": null,
            "serial": [],
            "sockets": 1,
            "ssh_forward_ip": null,
            "ssh_host": null,
            "ssh_port": null,
            "ssh_private_key": null,
            "ssh_user": null,
            "sshkeys": null,
            "storage": null,
            "storage_type": null,
            "target_node": "proxmox",
            "vcpus": 0,
            "vga": [],
            "vlan": -1,
            "vmid": 0
          },
          "private": "bnVsbA=="
        }
      ]
    }
  ]
}
